
Microsoft Visual Studio Solution File, Format Version 12.00
# Visual Studio Version 17
VisualStudioVersion = 17.5.33627.172
MinimumVisualStudioVersion = 10.0.40219.1
Project("{9A19103F-16F7-4668-BE54-9A1E7A4F7556}") = "Cs Notes", "C# Notes\Cs Notes.csproj", "{D1241A0B-E93E-4731-A0D9-A55F8E36F776}"
EndProject
Global
	GlobalSection(SolutionConfigurationPlatforms) = preSolution
		Debug|Any CPU = Debug|Any CPU
		Release|Any CPU = Release|Any CPU
	EndGlobalSection
	GlobalSection(ProjectConfigurationPlatforms) = postSolution
		{D1241A0B-E93E-4731-A0D9-A55F8E36F776}.Debug|Any CPU.ActiveCfg = Debug|Any CPU
		{D1241A0B-E93E-4731-A0D9-A55F8E36F776}.Debug|Any CPU.Build.0 = Debug|Any CPU
		{D1241A0B-E93E-4731-A0D9-A55F8E36F776}.Release|Any CPU.ActiveCfg = Release|Any CPU
		{D1241A0B-E93E-4731-A0D9-A55F8E36F776}.Release|Any CPU.Build.0 = Release|Any CPU
	EndGlobalSection
	GlobalSection(SolutionProperties) = preSolution
		HideSolutionNode = FALSE
	EndGlobalSection
	GlobalSection(ExtensibilityGlobals) = postSolution
		SolutionGuid = {350480CD-B85A-4848-B412-8F43934DB9B5}
	EndGlobalSection
EndGlobal
